# THIS IS AN AUTOGENERATED FILE. DO NOT EDIT THIS FILE DIRECTLY.
# yarn lockfile v1
"@angular/common@2.0.0":
  version "2.0.0"
  resolved "https://registry.yarnpkg.com/@angular/common/-/common-2.0.0.tgz#6d5b38cef8bec69726590f395da10c2d89146247"

"@angular/compiler@2.0.0":
  version "2.0.0"
  resolved "https://registry.yarnpkg.com/@angular/compiler/-/compiler-2.0.0.tgz#724e7c68ac177aa933aa75a6b4cb11e5aa795d2c"

"@angular/core@2.0.0":
  version "2.0.0"
  resolved "https://registry.yarnpkg.com/@angular/core/-/core-2.0.0.tgz#87b5ea4a7ae063d27bcf2332a4aa932d887abe2b"

"@angular/forms@2.0.0":
  version "2.0.0"
  resolved "https://registry.yarnpkg.com/@angular/forms/-/forms-2.0.0.tgz#4f472223f61aec49f27575ef49b0d6cac3be1e31"

"@angular/http@2.0.0":
  version "2.0.0"
  resolved "https://registry.yarnpkg.com/@angular/http/-/http-2.0.0.tgz#ee3206cd1683581dd57dabba93c0e23af19b4732"

"@angular/platform-browser-dynamic@2.0.0":
  version "2.0.0"
  resolved "https://registry.yarnpkg.com/@angular/platform-browser-dynamic/-/platform-browser-dynamic-2.0.0.tgz#2ee3f2bb08b4864902c5b7c283f77863c89d8715"

"@angular/platform-browser@2.0.0":
  version "2.0.0"
  resolved "https://registry.yarnpkg.com/@angular/platform-browser/-/platform-browser-2.0.0.tgz#7f8603be42511d3133e95888a1b5c5132fc89c46"

"@angular/router@3.0.0":
  version "3.0.0"
  resolved "https://registry.yarnpkg.com/@angular/router/-/router-3.0.0.tgz#cdf91b3a5d85ad39aff4fd882455c9b8c3129cd9"

"@types/es6-shim@0.0.29":
  version "0.0.29"
  resolved "https://registry.yarnpkg.com/@types/es6-shim/-/es6-shim-0.0.29.tgz#dd6e9affabc9f6a16de9fbef9c15b144b2f4fb2a"

accepts@~1.2.12, accepts@~1.2.13:
  version "1.2.13"
  resolved "https://registry.yarnpkg.com/accepts/-/accepts-1.2.13.tgz#e5f1f3928c6d95fd96558c36ec3d9d0de4a6ecea"
  dependencies:
    mime-types "~2.1.6"
    negotiator "0.5.3"

accepts@~1.3.0:
  version "1.3.3"
  resolved "https://registry.yarnpkg.com/accepts/-/accepts-1.3.3.tgz#c3ca7434938648c3e0d9c1e328dd68b622c284ca"
  dependencies:
    mime-types "~2.1.11"
    negotiator "0.6.1"

ambi@~2.0.0:
  version "2.0.0"
  resolved "https://registry.yarnpkg.com/ambi/-/ambi-2.0.0.tgz#42c2bf98e8d101aa4da28a812678a5dbe36ada66"
  dependencies:
    typechecker "~2.0.1"

bal-util@~1.18.0:
  version "1.18.0"
  resolved "https://registry.yarnpkg.com/bal-util/-/bal-util-1.18.0.tgz#4e2e2d90816d1a6b7e37174020042a2ce258421d"
  dependencies:
    ambi "~2.0.0"
    eachr "~2.0.2"
    extendr "~2.0.1"
    getsetdeep "~2.0.0"
    safecallback "~1.0.1"
    safefs "~2.0.3"
    taskgroup "~2.0.0"
    typechecker "~2.0.1"

base64-url@1.2.1:
  version "1.2.1"
  resolved "https://registry.yarnpkg.com/base64-url/-/base64-url-1.2.1.tgz#199fd661702a0e7b7dcae6e0698bb089c52f6d78"

base64-url@1.2.2:
  version "1.2.2"
  resolved "https://registry.yarnpkg.com/base64-url/-/base64-url-1.2.2.tgz#90af26ef8b0b67bc801b05eccf943345649008b3"

basic-auth-connect@1.0.0:
  version "1.0.0"
  resolved "https://registry.yarnpkg.com/basic-auth-connect/-/basic-auth-connect-1.0.0.tgz#fdb0b43962ca7b40456a7c2bb48fe173da2d2122"

basic-auth@~1.0.3:
  version "1.0.4"
  resolved "https://registry.yarnpkg.com/basic-auth/-/basic-auth-1.0.4.tgz#030935b01de7c9b94a824b29f3fccb750d3a5290"

batch@0.5.3:
  version "0.5.3"
  resolved "https://registry.yarnpkg.com/batch/-/batch-0.5.3.tgz#3f3414f380321743bfc1042f9a83ff1d5824d464"

body-parser@~1.13.3:
  version "1.13.3"
  resolved "https://registry.yarnpkg.com/body-parser/-/body-parser-1.13.3.tgz#c08cf330c3358e151016a05746f13f029c97fa97"
  dependencies:
    bytes "2.1.0"
    content-type "~1.0.1"
    debug "~2.2.0"
    depd "~1.0.1"
    http-errors "~1.3.1"
    iconv-lite "0.4.11"
    on-finished "~2.3.0"
    qs "4.0.0"
    raw-body "~2.1.2"
    type-is "~1.6.6"

bootstrap@^3.3.6:
  version "3.3.7"
  resolved "https://registry.yarnpkg.com/bootstrap/-/bootstrap-3.3.7.tgz#5a389394549f23330875a3b150656574f8a9eb71"

bytes@2.1.0:
  version "2.1.0"
  resolved "https://registry.yarnpkg.com/bytes/-/bytes-2.1.0.tgz#ac93c410e2ffc9cc7cf4b464b38289067f5e47b4"

bytes@2.4.0:
  version "2.4.0"
  resolved "https://registry.yarnpkg.com/bytes/-/bytes-2.4.0.tgz#7d97196f9d5baf7f6935e25985549edd2a6c2339"

colors@latest:
  version "1.1.2"
  resolved "https://registry.yarnpkg.com/colors/-/colors-1.1.2.tgz#168a4701756b6a7f51a12ce0c97bfa28c084ed63"

compressible@~2.0.5:
  version "2.0.9"
  resolved "https://registry.yarnpkg.com/compressible/-/compressible-2.0.9.tgz#6daab4e2b599c2770dd9e21e7a891b1c5a755425"
  dependencies:
    mime-db ">= 1.24.0 < 2"

compression@~1.5.2:
  version "1.5.2"
  resolved "https://registry.yarnpkg.com/compression/-/compression-1.5.2.tgz#b03b8d86e6f8ad29683cba8df91ddc6ffc77b395"
  dependencies:
    accepts "~1.2.12"
    bytes "2.1.0"
    compressible "~2.0.5"
    debug "~2.2.0"
    on-headers "~1.0.0"
    vary "~1.0.1"

connect-timeout@~1.6.2:
  version "1.6.2"
  resolved "https://registry.yarnpkg.com/connect-timeout/-/connect-timeout-1.6.2.tgz#de9a5ec61e33a12b6edaab7b5f062e98c599b88e"
  dependencies:
    debug "~2.2.0"
    http-errors "~1.3.1"
    ms "0.7.1"
    on-headers "~1.0.0"

connect@2.x.x:
  version "2.30.2"
  resolved "https://registry.yarnpkg.com/connect/-/connect-2.30.2.tgz#8da9bcbe8a054d3d318d74dfec903b5c39a1b609"
  dependencies:
    basic-auth-connect "1.0.0"
    body-parser "~1.13.3"
    bytes "2.1.0"
    compression "~1.5.2"
    connect-timeout "~1.6.2"
    content-type "~1.0.1"
    cookie "0.1.3"
    cookie-parser "~1.3.5"
    cookie-signature "1.0.6"
    csurf "~1.8.3"
    debug "~2.2.0"
    depd "~1.0.1"
    errorhandler "~1.4.2"
    express-session "~1.11.3"
    finalhandler "0.4.0"
    fresh "0.3.0"
    http-errors "~1.3.1"
    method-override "~2.3.5"
    morgan "~1.6.1"
    multiparty "3.3.2"
    on-headers "~1.0.0"
    parseurl "~1.3.0"
    pause "0.1.0"
    qs "4.0.0"
    response-time "~2.3.1"
    serve-favicon "~2.3.0"
    serve-index "~1.7.2"
    serve-static "~1.10.0"
    type-is "~1.6.6"
    utils-merge "1.0.0"
    vhost "~3.0.1"

content-type@~1.0.1:
  version "1.0.2"
  resolved "https://registry.yarnpkg.com/content-type/-/content-type-1.0.2.tgz#b7d113aee7a8dd27bd21133c4dc2529df1721eed"

cookie-parser@~1.3.5:
  version "1.3.5"
  resolved "https://registry.yarnpkg.com/cookie-parser/-/cookie-parser-1.3.5.tgz#9d755570fb5d17890771227a02314d9be7cf8356"
  dependencies:
    cookie "0.1.3"
    cookie-signature "1.0.6"

cookie-signature@1.0.6:
  version "1.0.6"
  resolved "https://registry.yarnpkg.com/cookie-signature/-/cookie-signature-1.0.6.tgz#e303a882b342cc3ee8ca513a79999734dab3ae2c"

cookie@0.1.3:
  version "0.1.3"
  resolved "https://registry.yarnpkg.com/cookie/-/cookie-0.1.3.tgz#e734a5c1417fce472d5aef82c381cabb64d1a435"

core-js@^2.4.0:
  version "2.4.1"
  resolved "https://registry.yarnpkg.com/core-js/-/core-js-2.4.1.tgz#4de911e667b0eae9124e34254b53aea6fc618d3e"

core-util-is@~1.0.0:
  version "1.0.2"
  resolved "https://registry.yarnpkg.com/core-util-is/-/core-util-is-1.0.2.tgz#b5fd54220aa2bc5ab57aab7140c940754503c1a7"

crc@3.3.0:
  version "3.3.0"
  resolved "https://registry.yarnpkg.com/crc/-/crc-3.3.0.tgz#fa622e1bc388bf257309082d6b65200ce67090ba"

csrf@~3.0.0:
  version "3.0.3"
  resolved "https://registry.yarnpkg.com/csrf/-/csrf-3.0.3.tgz#69d13220de95762808bb120f7533a994fc4293b5"
  dependencies:
    base64-url "1.2.2"
    rndm "1.2.0"
    tsscmp "1.0.5"
    uid-safe "2.1.1"

csurf@~1.8.3:
  version "1.8.3"
  resolved "https://registry.yarnpkg.com/csurf/-/csurf-1.8.3.tgz#23f2a13bf1d8fce1d0c996588394442cba86a56a"
  dependencies:
    cookie "0.1.3"
    cookie-signature "1.0.6"
    csrf "~3.0.0"
    http-errors "~1.3.1"

debug@~2.2.0:
  version "2.2.0"
  resolved "https://registry.yarnpkg.com/debug/-/debug-2.2.0.tgz#f87057e995b1a1f6ae6a4960664137bc56f039da"
  dependencies:
    ms "0.7.1"

depd@~1.0.1:
  version "1.0.1"
  resolved "https://registry.yarnpkg.com/depd/-/depd-1.0.1.tgz#80aec64c9d6d97e65cc2a9caa93c0aa6abf73aaa"

depd@~1.1.0:
  version "1.1.0"
  resolved "https://registry.yarnpkg.com/depd/-/depd-1.1.0.tgz#e1bd82c6aab6ced965b97b88b17ed3e528ca18c3"

destroy@~1.0.4:
  version "1.0.4"
  resolved "https://registry.yarnpkg.com/destroy/-/destroy-1.0.4.tgz#978857442c44749e4206613e37946205826abd80"

duplexer@~0.1.1:
  version "0.1.1"
  resolved "https://registry.yarnpkg.com/duplexer/-/duplexer-0.1.1.tgz#ace6ff808c1ce66b57d1ebf97977acb02334cfc1"

eachr@~2.0.2:
  version "2.0.4"
  resolved "https://registry.yarnpkg.com/eachr/-/eachr-2.0.4.tgz#466f7caa10708f610509e32c807aafe57fc122bf"
  dependencies:
    typechecker "^2.0.8"

ee-first@1.1.1:
  version "1.1.1"
  resolved "https://registry.yarnpkg.com/ee-first/-/ee-first-1.1.1.tgz#590c61156b0ae2f4f0255732a158b266bc56b21d"

encodeurl@~1.0.1:
  version "1.0.1"
  resolved "https://registry.yarnpkg.com/encodeurl/-/encodeurl-1.0.1.tgz#79e3d58655346909fe6f0f45a5de68103b294d20"

errorhandler@~1.4.2:
  version "1.4.3"
  resolved "https://registry.yarnpkg.com/errorhandler/-/errorhandler-1.4.3.tgz#b7b70ed8f359e9db88092f2d20c0f831420ad83f"
  dependencies:
    accepts "~1.3.0"
    escape-html "~1.0.3"

escape-html@~1.0.3:
  version "1.0.3"
  resolved "https://registry.yarnpkg.com/escape-html/-/escape-html-1.0.3.tgz#0258eae4d3d0c0974de1c169188ef0051d1d1988"

escape-html@1.0.2:
  version "1.0.2"
  resolved "https://registry.yarnpkg.com/escape-html/-/escape-html-1.0.2.tgz#d77d32fa98e38c2f41ae85e9278e0e0e6ba1022c"

etag@~1.7.0:
  version "1.7.0"
  resolved "https://registry.yarnpkg.com/etag/-/etag-1.7.0.tgz#03d30b5f67dd6e632d2945d30d6652731a34d5d8"

event-stream@latest:
  version "3.3.4"
  resolved "https://registry.yarnpkg.com/event-stream/-/event-stream-3.3.4.tgz#4ab4c9a0f5a54db9338b4c34d86bfce8f4b35571"
  dependencies:
    duplexer "~0.1.1"
    from "~0"
    map-stream "~0.1.0"
    pause-stream "0.0.11"
    split "0.3"
    stream-combiner "~0.0.4"
    through "~2.3.1"

express-session@~1.11.3:
  version "1.11.3"
  resolved "https://registry.yarnpkg.com/express-session/-/express-session-1.11.3.tgz#5cc98f3f5ff84ed835f91cbf0aabd0c7107400af"
  dependencies:
    cookie "0.1.3"
    cookie-signature "1.0.6"
    crc "3.3.0"
    debug "~2.2.0"
    depd "~1.0.1"
    on-headers "~1.0.0"
    parseurl "~1.3.0"
    uid-safe "~2.0.0"
    utils-merge "1.0.0"

extendr@~2.0.1:
  version "2.0.1"
  resolved "https://registry.yarnpkg.com/extendr/-/extendr-2.0.1.tgz#d8ab375fcbb833e4ba2cd228540f04e4aa07de90"
  dependencies:
    typechecker "~2.0.1"

faye-websocket@0.9.x:
  version "0.9.4"
  resolved "https://registry.yarnpkg.com/faye-websocket/-/faye-websocket-0.9.4.tgz#885934c79effb0409549e0c0a3801ed17a40cdad"
  dependencies:
    websocket-driver ">=0.5.1"

finalhandler@0.4.0:
  version "0.4.0"
  resolved "https://registry.yarnpkg.com/finalhandler/-/finalhandler-0.4.0.tgz#965a52d9e8d05d2b857548541fb89b53a2497d9b"
  dependencies:
    debug "~2.2.0"
    escape-html "1.0.2"
    on-finished "~2.3.0"
    unpipe "~1.0.0"

fresh@0.3.0:
  version "0.3.0"
  resolved "https://registry.yarnpkg.com/fresh/-/fresh-0.3.0.tgz#651f838e22424e7566de161d8358caa199f83d4f"

from@~0:
  version "0.1.3"
  resolved "https://registry.yarnpkg.com/from/-/from-0.1.3.tgz#ef63ac2062ac32acf7862e0d40b44b896f22f3bc"

getsetdeep@~2.0.0:
  version "2.0.0"
  resolved "https://registry.yarnpkg.com/getsetdeep/-/getsetdeep-2.0.0.tgz#f13384fe656d0a3f41c214cbdf31001a57c12492"
  dependencies:
    typechecker "~2.0.1"

http-errors@~1.3.1:
  version "1.3.1"
  resolved "https://registry.yarnpkg.com/http-errors/-/http-errors-1.3.1.tgz#197e22cdebd4198585e8694ef6786197b91ed942"
  dependencies:
    inherits "~2.0.1"
    statuses "1"

http-errors@~1.5.0:
  version "1.5.0"
  resolved "https://registry.yarnpkg.com/http-errors/-/http-errors-1.5.0.tgz#b1cb3d8260fd8e2386cad3189045943372d48211"
  dependencies:
    inherits "2.0.1"
    setprototypeof "1.0.1"
    statuses ">= 1.3.0 < 2"

iconv-lite@0.4.11:
  version "0.4.11"
  resolved "https://registry.yarnpkg.com/iconv-lite/-/iconv-lite-0.4.11.tgz#2ecb42fd294744922209a2e7c404dac8793d8ade"

iconv-lite@0.4.13:
  version "0.4.13"
  resolved "https://registry.yarnpkg.com/iconv-lite/-/iconv-lite-0.4.13.tgz#1f88aba4ab0b1508e8312acc39345f36e992e2f2"

inherits@~2.0.1:
  version "2.0.3"
  resolved "https://registry.yarnpkg.com/inherits/-/inherits-2.0.3.tgz#633c2c83e3da42a502f52466022480f4208261de"

inherits@2.0.1:
  version "2.0.1"
  resolved "https://registry.yarnpkg.com/inherits/-/inherits-2.0.1.tgz#b17d08d326b4423e568eff719f91b0b1cbdf69f1"

isarray@0.0.1:
  version "0.0.1"
  resolved "https://registry.yarnpkg.com/isarray/-/isarray-0.0.1.tgz#8a18acfca9a8f4177e09abfc6038939b05d1eedf"

jquery@^2.2.2:
  version "2.2.4"
  resolved "https://registry.yarnpkg.com/jquery/-/jquery-2.2.4.tgz#2c89d6889b5eac522a7eea32c14521559c6cbf02"

live-server@^0.8.2:
  version "0.8.2"
  resolved "https://registry.yarnpkg.com/live-server/-/live-server-0.8.2.tgz#3c6a0b05591585866c99c71c4853633bf01944ff"
  dependencies:
    colors latest
    connect "2.x.x"
    event-stream latest
    faye-websocket "0.9.x"
    object-assign "^2.0.0"
    opn latest
    send latest
    watchr "2.3.x"

map-stream@~0.1.0:
  version "0.1.0"
  resolved "https://registry.yarnpkg.com/map-stream/-/map-stream-0.1.0.tgz#e56aa94c4c8055a16404a0674b78f215f7c8e194"

media-typer@0.3.0:
  version "0.3.0"
  resolved "https://registry.yarnpkg.com/media-typer/-/media-typer-0.3.0.tgz#8710d7af0aa626f8fffa1ce00168545263255748"

method-override@~2.3.5:
  version "2.3.6"
  resolved "https://registry.yarnpkg.com/method-override/-/method-override-2.3.6.tgz#209261cc588d45d9d5a022ff20d7d5eb8e92179e"
  dependencies:
    debug "~2.2.0"
    methods "~1.1.2"
    parseurl "~1.3.1"
    vary "~1.1.0"

methods@~1.1.2:
  version "1.1.2"
  resolved "https://registry.yarnpkg.com/methods/-/methods-1.1.2.tgz#5529a4d67654134edcc5266656835b0f851afcee"

"mime-db@>= 1.24.0 < 2", mime-db@~1.24.0:
  version "1.24.0"
  resolved "https://registry.yarnpkg.com/mime-db/-/mime-db-1.24.0.tgz#e2d13f939f0016c6e4e9ad25a8652f126c467f0c"

mime-types@~2.1.11, mime-types@~2.1.6, mime-types@~2.1.9:
  version "2.1.12"
  resolved "https://registry.yarnpkg.com/mime-types/-/mime-types-2.1.12.tgz#152ba256777020dd4663f54c2e7bc26381e71729"
  dependencies:
    mime-db "~1.24.0"

mime@1.3.4:
  version "1.3.4"
  resolved "https://registry.yarnpkg.com/mime/-/mime-1.3.4.tgz#115f9e3b6b3daf2959983cb38f149a2d40eb5d53"

morgan@~1.6.1:
  version "1.6.1"
  resolved "https://registry.yarnpkg.com/morgan/-/morgan-1.6.1.tgz#5fd818398c6819cba28a7cd6664f292fe1c0bbf2"
  dependencies:
    basic-auth "~1.0.3"
    debug "~2.2.0"
    depd "~1.0.1"
    on-finished "~2.3.0"
    on-headers "~1.0.0"

ms@0.7.1:
  version "0.7.1"
  resolved "https://registry.yarnpkg.com/ms/-/ms-0.7.1.tgz#9cd13c03adbff25b65effde7ce864ee952017098"

multiparty@3.3.2:
  version "3.3.2"
  resolved "https://registry.yarnpkg.com/multiparty/-/multiparty-3.3.2.tgz#35de6804dc19643e5249f3d3e3bdc6c8ce301d3f"
  dependencies:
    readable-stream "~1.1.9"
    stream-counter "~0.2.0"

negotiator@0.5.3:
  version "0.5.3"
  resolved "https://registry.yarnpkg.com/negotiator/-/negotiator-0.5.3.tgz#269d5c476810ec92edbe7b6c2f28316384f9a7e8"

negotiator@0.6.1:
  version "0.6.1"
  resolved "https://registry.yarnpkg.com/negotiator/-/negotiator-0.6.1.tgz#2b327184e8992101177b28563fb5e7102acd0ca9"

object-assign@^2.0.0:
  version "2.1.1"
  resolved "https://registry.yarnpkg.com/object-assign/-/object-assign-2.1.1.tgz#43c36e5d569ff8e4816c4efa8be02d26967c18aa"

object-assign@^4.0.1:
  version "4.1.0"
  resolved "https://registry.yarnpkg.com/object-assign/-/object-assign-4.1.0.tgz#7a3b3d0e98063d43f4c03f2e8ae6cd51a86883a0"

on-finished@~2.3.0:
  version "2.3.0"
  resolved "https://registry.yarnpkg.com/on-finished/-/on-finished-2.3.0.tgz#20f1336481b083cd75337992a16971aa2d906947"
  dependencies:
    ee-first "1.1.1"

on-headers@~1.0.0:
  version "1.0.1"
  resolved "https://registry.yarnpkg.com/on-headers/-/on-headers-1.0.1.tgz#928f5d0f470d49342651ea6794b0857c100693f7"

opn@latest:
  version "4.0.2"
  resolved "https://registry.yarnpkg.com/opn/-/opn-4.0.2.tgz#7abc22e644dff63b0a96d5ab7f2790c0f01abc95"
  dependencies:
    object-assign "^4.0.1"
    pinkie-promise "^2.0.0"

parseurl@~1.3.0, parseurl@~1.3.1:
  version "1.3.1"
  resolved "https://registry.yarnpkg.com/parseurl/-/parseurl-1.3.1.tgz#c8ab8c9223ba34888aa64a297b28853bec18da56"

pause-stream@0.0.11:
  version "0.0.11"
  resolved "https://registry.yarnpkg.com/pause-stream/-/pause-stream-0.0.11.tgz#fe5a34b0cbce12b5aa6a2b403ee2e73b602f1445"
  dependencies:
    through "~2.3"

pause@0.1.0:
  version "0.1.0"
  resolved "https://registry.yarnpkg.com/pause/-/pause-0.1.0.tgz#ebc8a4a8619ff0b8a81ac1513c3434ff469fdb74"

pinkie-promise@^2.0.0:
  version "2.0.1"
  resolved "https://registry.yarnpkg.com/pinkie-promise/-/pinkie-promise-2.0.1.tgz#2135d6dfa7a358c069ac9b178776288228450ffa"
  dependencies:
    pinkie "^2.0.0"

pinkie@^2.0.0:
  version "2.0.4"
  resolved "https://registry.yarnpkg.com/pinkie/-/pinkie-2.0.4.tgz#72556b80cfa0d48a974e80e77248e80ed4f7f870"

qs@4.0.0:
  version "4.0.0"
  resolved "https://registry.yarnpkg.com/qs/-/qs-4.0.0.tgz#c31d9b74ec27df75e543a86c78728ed8d4623607"

random-bytes@~1.0.0:
  version "1.0.0"
  resolved "https://registry.yarnpkg.com/random-bytes/-/random-bytes-1.0.0.tgz#4f68a1dc0ae58bd3fb95848c30324db75d64360b"

range-parser@~1.0.3:
  version "1.0.3"
  resolved "https://registry.yarnpkg.com/range-parser/-/range-parser-1.0.3.tgz#6872823535c692e2c2a0103826afd82c2e0ff175"

range-parser@~1.2.0:
  version "1.2.0"
  resolved "https://registry.yarnpkg.com/range-parser/-/range-parser-1.2.0.tgz#f49be6b487894ddc40dcc94a322f611092e00d5e"

raw-body@~2.1.2:
  version "2.1.7"
  resolved "https://registry.yarnpkg.com/raw-body/-/raw-body-2.1.7.tgz#adfeace2e4fb3098058014d08c072dcc59758774"
  dependencies:
    bytes "2.4.0"
    iconv-lite "0.4.13"
    unpipe "1.0.0"

readable-stream@~1.1.8, readable-stream@~1.1.9:
  version "1.1.14"
  resolved "https://registry.yarnpkg.com/readable-stream/-/readable-stream-1.1.14.tgz#7cf4c54ef648e3813084c636dd2079e166c081d9"
  dependencies:
    core-util-is "~1.0.0"
    inherits "~2.0.1"
    isarray "0.0.1"
    string_decoder "~0.10.x"

response-time@~2.3.1:
  version "2.3.1"
  resolved "https://registry.yarnpkg.com/response-time/-/response-time-2.3.1.tgz#2bde19181de6c81ab95e3207a28d61d965b31797"
  dependencies:
    depd "~1.0.1"
    on-headers "~1.0.0"

rndm@1.2.0:
  version "1.2.0"
  resolved "https://registry.yarnpkg.com/rndm/-/rndm-1.2.0.tgz#f33fe9cfb52bbfd520aa18323bc65db110a1b76c"

rxjs@5.0.0-beta.12:
  version "5.0.0-beta.12"
  resolved "https://registry.yarnpkg.com/rxjs/-/rxjs-5.0.0-beta.12.tgz#cdfde2d8c4639d20ae7794bff8fddf32da7ad337"
  dependencies:
    symbol-observable "^1.0.1"

safecallback@~1.0.1:
  version "1.0.1"
  resolved "https://registry.yarnpkg.com/safecallback/-/safecallback-1.0.1.tgz#07c7f12b4a8d9abf1b8fcddba7852eb0b8b6ed41"

safefs@~2.0.3:
  version "2.0.3"
  resolved "https://registry.yarnpkg.com/safefs/-/safefs-2.0.3.tgz#2db2b2de4c4161d6dba6609fee05ecab062c4de5"

send@0.13.2:
  version "0.13.2"
  resolved "https://registry.yarnpkg.com/send/-/send-0.13.2.tgz#765e7607c8055452bba6f0b052595350986036de"
  dependencies:
    debug "~2.2.0"
    depd "~1.1.0"
    destroy "~1.0.4"
    escape-html "~1.0.3"
    etag "~1.7.0"
    fresh "0.3.0"
    http-errors "~1.3.1"
    mime "1.3.4"
    ms "0.7.1"
    on-finished "~2.3.0"
    range-parser "~1.0.3"
    statuses "~1.2.1"

send@latest:
  version "0.14.1"
  resolved "https://registry.yarnpkg.com/send/-/send-0.14.1.tgz#a954984325392f51532a7760760e459598c89f7a"
  dependencies:
    debug "~2.2.0"
    depd "~1.1.0"
    destroy "~1.0.4"
    encodeurl "~1.0.1"
    escape-html "~1.0.3"
    etag "~1.7.0"
    fresh "0.3.0"
    http-errors "~1.5.0"
    mime "1.3.4"
    ms "0.7.1"
    on-finished "~2.3.0"
    range-parser "~1.2.0"
    statuses "~1.3.0"

serve-favicon@~2.3.0:
  version "2.3.0"
  resolved "https://registry.yarnpkg.com/serve-favicon/-/serve-favicon-2.3.0.tgz#aed36cc6834069a6f189cc7222c6a1a811dc5b39"
  dependencies:
    etag "~1.7.0"
    fresh "0.3.0"
    ms "0.7.1"
    parseurl "~1.3.0"

serve-index@~1.7.2:
  version "1.7.3"
  resolved "https://registry.yarnpkg.com/serve-index/-/serve-index-1.7.3.tgz#7a057fc6ee28dc63f64566e5fa57b111a86aecd2"
  dependencies:
    accepts "~1.2.13"
    batch "0.5.3"
    debug "~2.2.0"
    escape-html "~1.0.3"
    http-errors "~1.3.1"
    mime-types "~2.1.9"
    parseurl "~1.3.1"

serve-static@~1.10.0:
  version "1.10.3"
  resolved "https://registry.yarnpkg.com/serve-static/-/serve-static-1.10.3.tgz#ce5a6ecd3101fed5ec09827dac22a9c29bfb0535"
  dependencies:
    escape-html "~1.0.3"
    parseurl "~1.3.1"
    send "0.13.2"

setprototypeof@1.0.1:
  version "1.0.1"
  resolved "https://registry.yarnpkg.com/setprototypeof/-/setprototypeof-1.0.1.tgz#52009b27888c4dc48f591949c0a8275834c1ca7e"

split@0.3:
  version "0.3.3"
  resolved "https://registry.yarnpkg.com/split/-/split-0.3.3.tgz#cd0eea5e63a211dfff7eb0f091c4133e2d0dd28f"
  dependencies:
    through "2"

"statuses@>= 1.3.0 < 2", statuses@~1.3.0, statuses@1:
  version "1.3.0"
  resolved "https://registry.yarnpkg.com/statuses/-/statuses-1.3.0.tgz#8e55758cb20e7682c1f4fce8dcab30bf01d1e07a"

statuses@~1.2.1:
  version "1.2.1"
  resolved "https://registry.yarnpkg.com/statuses/-/statuses-1.2.1.tgz#dded45cc18256d51ed40aec142489d5c61026d28"

stream-combiner@~0.0.4:
  version "0.0.4"
  resolved "https://registry.yarnpkg.com/stream-combiner/-/stream-combiner-0.0.4.tgz#4d5e433c185261dde623ca3f44c586bcf5c4ad14"
  dependencies:
    duplexer "~0.1.1"

stream-counter@~0.2.0:
  version "0.2.0"
  resolved "https://registry.yarnpkg.com/stream-counter/-/stream-counter-0.2.0.tgz#ded266556319c8b0e222812b9cf3b26fa7d947de"
  dependencies:
    readable-stream "~1.1.8"

string_decoder@~0.10.x:
  version "0.10.31"
  resolved "https://registry.yarnpkg.com/string_decoder/-/string_decoder-0.10.31.tgz#62e203bc41766c6c28c9fc84301dab1c5310fa94"

symbol-observable@^1.0.1:
  version "1.0.4"
  resolved "https://registry.yarnpkg.com/symbol-observable/-/symbol-observable-1.0.4.tgz#29bf615d4aa7121bdd898b22d4b3f9bc4e2aa03d"

systemjs@0.19.37:
  version "0.19.37"
  resolved "https://registry.yarnpkg.com/systemjs/-/systemjs-0.19.37.tgz#58b1528aa53b6cf65458ba165634333f39aadb9e"
  dependencies:
    when "^3.7.5"

taskgroup@~2.0.0:
  version "2.0.0"
  resolved "https://registry.yarnpkg.com/taskgroup/-/taskgroup-2.0.0.tgz#184944a42b5684aad751189a5263c030f6174446"
  dependencies:
    ambi "~2.0.0"
    typechecker "~2.0.1"

through@~2.3, through@~2.3.1, through@2:
  version "2.3.8"
  resolved "https://registry.yarnpkg.com/through/-/through-2.3.8.tgz#0dd4c9ffaabc357960b1b724115d7e0e86a2e1f5"

tsscmp@1.0.5:
  version "1.0.5"
  resolved "https://registry.yarnpkg.com/tsscmp/-/tsscmp-1.0.5.tgz#7dc4a33af71581ab4337da91d85ca5427ebd9a97"

type-is@~1.6.6:
  version "1.6.13"
  resolved "https://registry.yarnpkg.com/type-is/-/type-is-1.6.13.tgz#6e83ba7bc30cd33a7bb0b7fb00737a2085bf9d08"
  dependencies:
    media-typer "0.3.0"
    mime-types "~2.1.11"

typechecker@^2.0.8:
  version "2.1.0"
  resolved "https://registry.yarnpkg.com/typechecker/-/typechecker-2.1.0.tgz#d1c2093a54ff8a19f58cff877eeaa54f2242d383"

typechecker@~2.0.1:
  version "2.0.8"
  resolved "https://registry.yarnpkg.com/typechecker/-/typechecker-2.0.8.tgz#e83da84bb64c584ccb345838576c40b0337db82e"

typescript@^2.0.0:
  version "2.0.8"
  resolved "https://registry.yarnpkg.com/typescript/-/typescript-2.0.8.tgz#c249f530890e0f992e71733b2e0554d792cb8970"

uid-safe@~2.0.0:
  version "2.0.0"
  resolved "https://registry.yarnpkg.com/uid-safe/-/uid-safe-2.0.0.tgz#a7f3c6ca64a1f6a5d04ec0ef3e4c3d5367317137"
  dependencies:
    base64-url "1.2.1"

uid-safe@2.1.1:
  version "2.1.1"
  resolved "https://registry.yarnpkg.com/uid-safe/-/uid-safe-2.1.1.tgz#3dbf9436b528be9f52882c05a6216c3763db3666"
  dependencies:
    base64-url "1.2.2"
    random-bytes "~1.0.0"

unpipe@~1.0.0, unpipe@1.0.0:
  version "1.0.0"
  resolved "https://registry.yarnpkg.com/unpipe/-/unpipe-1.0.0.tgz#b2bf4ee8514aae6165b4817829d21b2ef49904ec"

utils-merge@1.0.0:
  version "1.0.0"
  resolved "https://registry.yarnpkg.com/utils-merge/-/utils-merge-1.0.0.tgz#0294fb922bb9375153541c4f7096231f287c8af8"

vary@~1.0.1:
  version "1.0.1"
  resolved "https://registry.yarnpkg.com/vary/-/vary-1.0.1.tgz#99e4981566a286118dfb2b817357df7993376d10"

vary@~1.1.0:
  version "1.1.0"
  resolved "https://registry.yarnpkg.com/vary/-/vary-1.1.0.tgz#e1e5affbbd16ae768dd2674394b9ad3022653140"

vhost@~3.0.1:
  version "3.0.2"
  resolved "https://registry.yarnpkg.com/vhost/-/vhost-3.0.2.tgz#2fb1decd4c466aa88b0f9341af33dc1aff2478d5"

watchr@2.3.x:
  version "2.3.10"
  resolved "https://registry.yarnpkg.com/watchr/-/watchr-2.3.10.tgz#2fe0af537071cae6a776d4523356f8f3a230b7ce"
  dependencies:
    bal-util "~1.18.0"

websocket-driver@>=0.5.1:
  version "0.6.5"
  resolved "https://registry.yarnpkg.com/websocket-driver/-/websocket-driver-0.6.5.tgz#5cb2556ceb85f4373c6d8238aa691c8454e13a36"
  dependencies:
    websocket-extensions ">=0.1.1"

websocket-extensions@>=0.1.1:
  version "0.1.1"
  resolved "https://registry.yarnpkg.com/websocket-extensions/-/websocket-extensions-0.1.1.tgz#76899499c184b6ef754377c2dbb0cd6cb55d29e7"

when@^3.7.5:
  version "3.7.7"
  resolved "https://registry.yarnpkg.com/when/-/when-3.7.7.tgz#aba03fc3bb736d6c88b091d013d8a8e590d84718"

zone.js@0.6.21:
  version "0.6.21"
  resolved "https://registry.yarnpkg.com/zone.js/-/zone.js-0.6.21.tgz#beebbff30480e6bc975cbbb4eedc750c3080328e"

